
Microsoft Visual Studio Solution File, Format Version 12.00
# Visual Studio Version 17
VisualStudioVersion = 17.14.36705.20 d17.14
MinimumVisualStudioVersion = 10.0.40219.1
Project("{888888A0-9F3D-457C-B088-3A5042F75D52}") = "FAST_API", "FAST_API.pyproj", "{BCE38D65-AAE3-4054-A406-A29A5882DF84}"
EndProject
Global
	GlobalSection(SolutionConfigurationPlatforms) = preSolution
		Debug|Any CPU = Debug|Any CPU
		Release|Any CPU = Release|Any CPU
	EndGlobalSection
	GlobalSection(ProjectConfigurationPlatforms) = postSolution
		{BCE38D65-AAE3-4054-A406-A29A5882DF84}.Debug|Any CPU.ActiveCfg = Debug|Any CPU
		{BCE38D65-AAE3-4054-A406-A29A5882DF84}.Release|Any CPU.ActiveCfg = Release|Any CPU
	EndGlobalSection
	GlobalSection(SolutionProperties) = preSolution
		HideSolutionNode = FALSE
	EndGlobalSection
	GlobalSection(ExtensibilityGlobals) = postSolution
		SolutionGuid = {6931B362-323A-4DDB-A6B1-9411F96E08DC}
	EndGlobalSection
EndGlobal
